PODS:
  - ADALiOS (1.2.2)

DEPENDENCIES:
  - ADALiOS (from `https://github.com/AzureAD/azure-activedirectory-library-for-objc`,
    branch `convergence-dev`)

EXTERNAL SOURCES:
  ADALiOS:
    :branch: convergence-dev
    :git: https://github.com/AzureAD/azure-activedirectory-library-for-objc

CHECKOUT OPTIONS:
  ADALiOS:
    :commit: f0ac3558d22e1bb5089a41f47c96cecf228b84ca
    :git: https://github.com/AzureAD/azure-activedirectory-library-for-objc

SPEC CHECKSUMS:
  ADALiOS: 9fc4212eacd7ae6329a3a49cea0ebf4a63f35317

COCOAPODS: 0.38.2
