// !$*UTF8*$!
{
	archiveVersion = 1;
	classes = {
	};
	objectVersion = 47;
	objects = {

/* Begin PBXBuildFile section */
		97C15AF41A27FDF0004A0419 /* SamplesSelectUserViewController.m in Sources */ = {isa = PBXBuildFile; fileRef = 97C15AF31A27FDF0004A0419 /* SamplesSelectUserViewController.m */; };
		97C15AF71A280BEF004A0419 /* SamplesApplicationData.m in Sources */ = {isa = PBXBuildFile; fileRef = 97C15AF61A280BEF004A0419 /* SamplesApplicationData.m */; };
		97C15AFA1A29C9F3004A0419 /* SamplesAppSettingsController.m in Sources */ = {isa = PBXBuildFile; fileRef = 97C15AF91A29C9F3004A0419 /* SamplesAppSettingsController.m */; };
		B81583EE1AD318CB00CCA892 /* NSDictionary+UrlEncoding.m in Sources */ = {isa = PBXBuildFile; fileRef = B81583ED1AD318CB00CCA892 /* NSDictionary+UrlEncoding.m */; };
		B8B06D0A1AE581E900A4B04A /* samplesUserLoginViewController.m in Sources */ = {isa = PBXBuildFile; fileRef = B8B06D091AE581E900A4B04A /* samplesUserLoginViewController.m */; };
		B8D009CC1ACDBD3A00C842CC /* InfoPlist.strings in Resources */ = {isa = PBXBuildFile; fileRef = B8D009CB1ACDBD3A00C842CC /* InfoPlist.strings */; };
		B8D009D21ACDC37500C842CC /* samplesPolicyData.m in Sources */ = {isa = PBXBuildFile; fileRef = B8D009D11ACDC37500C842CC /* samplesPolicyData.m */; };
		B8D009D61ACDD8A400C842CC /* samplesPolicyTableViewController.m in Sources */ = {isa = PBXBuildFile; fileRef = B8D009D51ACDD8A400C842CC /* samplesPolicyTableViewController.m */; };
		B8D009D91ACDDF3B00C842CC /* samplesAddPolicyViewController.m in Sources */ = {isa = PBXBuildFile; fileRef = B8D009D81ACDDF3B00C842CC /* samplesAddPolicyViewController.m */; };
		B8D009DC1ACDF0B300C842CC /* Policy.xcdatamodeld in Sources */ = {isa = PBXBuildFile; fileRef = B8D009DA1ACDF0B300C842CC /* Policy.xcdatamodeld */; };
		B8D00A181ACE085700C842CC /* samplesUsePolicyTableViewController.m in Sources */ = {isa = PBXBuildFile; fileRef = B8D00A171ACE085700C842CC /* samplesUsePolicyTableViewController.m */; };
		B8D00A1F1ACE4DF800C842CC /* samplesUseViewController.m in Sources */ = {isa = PBXBuildFile; fileRef = B8D00A1E1ACE4DF800C842CC /* samplesUseViewController.m */; };
		BF785E105B1905E7FAC3885D /* libPods-Microsoft Tasks for Consumers.a in Frameworks */ = {isa = PBXBuildFile; fileRef = 18A6D428BBB5952BCCDF420E /* libPods-Microsoft Tasks for Consumers.a */; };
		FB33714918CA5B7E00234804 /* settings.plist in Resources */ = {isa = PBXBuildFile; fileRef = FB33714818CA5B7E00234804 /* settings.plist */; };
		FB3BF22018D0106C007E645E /* samplesWebAPIConnector.m in Sources */ = {isa = PBXBuildFile; fileRef = FB3BF21F18D0106C007E645E /* samplesWebAPIConnector.m */; };
		FB3BF23518D03A88007E645E /* Main_iPhone.storyboard in Resources */ = {isa = PBXBuildFile; fileRef = FB3BF23218D03A88007E645E /* Main_iPhone.storyboard */; };
		FB3F00DA18C7016200173598 /* Foundation.framework in Frameworks */ = {isa = PBXBuildFile; fileRef = FB3F00D918C7016200173598 /* Foundation.framework */; };
		FB3F00DC18C7016200173598 /* CoreGraphics.framework in Frameworks */ = {isa = PBXBuildFile; fileRef = FB3F00DB18C7016200173598 /* CoreGraphics.framework */; };
		FB3F00DE18C7016200173598 /* UIKit.framework in Frameworks */ = {isa = PBXBuildFile; fileRef = FB3F00DD18C7016200173598 /* UIKit.framework */; };
		FB3F00E018C7016200173598 /* CoreData.framework in Frameworks */ = {isa = PBXBuildFile; fileRef = FB3F00DF18C7016200173598 /* CoreData.framework */; settings = {ATTRIBUTES = (Required, ); }; };
		FB3F00E818C7016200173598 /* main.m in Sources */ = {isa = PBXBuildFile; fileRef = FB3F00E718C7016200173598 /* main.m */; };
		FB3F00EC18C7016200173598 /* samplesAppDelegate.m in Sources */ = {isa = PBXBuildFile; fileRef = FB3F00EB18C7016200173598 /* samplesAppDelegate.m */; };
		FB3F00EF18C7016200173598 /* Microsoft_Tasks.xcdatamodeld in Sources */ = {isa = PBXBuildFile; fileRef = FB3F00ED18C7016200173598 /* Microsoft_Tasks.xcdatamodeld */; };
		FB3F00F118C7016200173598 /* Images.xcassets in Resources */ = {isa = PBXBuildFile; fileRef = FB3F00F018C7016200173598 /* Images.xcassets */; };
		FB3F011618C7092700173598 /* sampleAddTaskItemViewController.m in Sources */ = {isa = PBXBuildFile; fileRef = FB3F011518C7092700173598 /* sampleAddTaskItemViewController.m */; };
		FB3F011C18C709FE00173598 /* samplesTaskListTableViewController.m in Sources */ = {isa = PBXBuildFile; fileRef = FB3F011B18C709FE00173598 /* samplesTaskListTableViewController.m */; };
		FB3F011F18C713E600173598 /* samplesTaskItem.m in Sources */ = {isa = PBXBuildFile; fileRef = FB3F011E18C713E600173598 /* samplesTaskItem.m */; };
		FB4C7C1A1BA08A66003B93C5 /* ADAL_iPhone_Storyboard.storyboard in Resources */ = {isa = PBXBuildFile; fileRef = FB4C7C181BA08A66003B93C5 /* ADAL_iPhone_Storyboard.storyboard */; };
		FB4C7C1B1BA08A66003B93C5 /* ADAL_iPad_Storyboard.storyboard in Resources */ = {isa = PBXBuildFile; fileRef = FB4C7C191BA08A66003B93C5 /* ADAL_iPad_Storyboard.storyboard */; };
		FB538F2D1BA36653003ABD9A /* TPKeyboardAvoidingScrollView.m in Sources */ = {isa = PBXBuildFile; fileRef = FB538F2C1BA36653003ABD9A /* TPKeyboardAvoidingScrollView.m */; };
		FB538F301BA36875003ABD9A /* UIScrollView+TPKeyboardAvoidingAdditions.m in Sources */ = {isa = PBXBuildFile; fileRef = FB538F2F1BA36875003ABD9A /* UIScrollView+TPKeyboardAvoidingAdditions.m */; };
		FB538F361BA38E63003ABD9A /* 10637393134_3be20f8467_k.jpg in Resources */ = {isa = PBXBuildFile; fileRef = FB538F351BA38E63003ABD9A /* 10637393134_3be20f8467_k.jpg */; };
		FB538F381BA39882003ABD9A /* signin-email.png in Resources */ = {isa = PBXBuildFile; fileRef = FB538F371BA39881003ABD9A /* signin-email.png */; };
		FB538F3A1BA39887003ABD9A /* signin-fb.png in Resources */ = {isa = PBXBuildFile; fileRef = FB538F391BA39887003ABD9A /* signin-fb.png */; };
		FB6ABBF91B9E807500AF7868 /* libADALiOS.a in Frameworks */ = {isa = PBXBuildFile; fileRef = FB6ABBF81B9E807500AF7868 /* libADALiOS.a */; };
/* End PBXBuildFile section */

/* Begin PBXFileReference section */
		18A6D428BBB5952BCCDF420E /* libPods-Microsoft Tasks for Consumers.a */ = {isa = PBXFileReference; explicitFileType = archive.ar; includeInIndex = 0; path = "libPods-Microsoft Tasks for Consumers.a"; sourceTree = BUILT_PRODUCTS_DIR; };
		7F90FABDF6DF9A6948193801 /* Pods-Microsoft Tasks for Consumers.debug.xcconfig */ = {isa = PBXFileReference; includeInIndex = 1; lastKnownFileType = text.xcconfig; name = "Pods-Microsoft Tasks for Consumers.debug.xcconfig"; path = "Pods/Target Support Files/Pods-Microsoft Tasks for Consumers/Pods-Microsoft Tasks for Consumers.debug.xcconfig"; sourceTree = "<group>"; };
		971963C41A6845950026BC5F /* Microsoft Tasks.entitlements */ = {isa = PBXFileReference; lastKnownFileType = text.xml; path = "Microsoft Tasks.entitlements"; sourceTree = "<group>"; };
		97C15AF01A27FAD6004A0419 /* SamplesSelectUserViewController.h */ = {isa = PBXFileReference; lastKnownFileType = sourcecode.c.h; path = SamplesSelectUserViewController.h; sourceTree = "<group>"; };
		97C15AF31A27FDF0004A0419 /* SamplesSelectUserViewController.m */ = {isa = PBXFileReference; fileEncoding = 4; lastKnownFileType = sourcecode.c.objc; path = SamplesSelectUserViewController.m; sourceTree = "<group>"; };
		97C15AF61A280BEF004A0419 /* SamplesApplicationData.m */ = {isa = PBXFileReference; fileEncoding = 4; lastKnownFileType = sourcecode.c.objc; path = SamplesApplicationData.m; sourceTree = "<group>"; };
		97C15AF81A29C9E3004A0419 /* SamplesAppSettingsController.h */ = {isa = PBXFileReference; fileEncoding = 4; lastKnownFileType = sourcecode.c.h; path = SamplesAppSettingsController.h; sourceTree = "<group>"; };
		97C15AF91A29C9F3004A0419 /* SamplesAppSettingsController.m */ = {isa = PBXFileReference; fileEncoding = 4; lastKnownFileType = sourcecode.c.objc; path = SamplesAppSettingsController.m; sourceTree = "<group>"; };
		B2A5BFA2C1AAB67EB1A5358D /* Pods.debug.xcconfig */ = {isa = PBXFileReference; includeInIndex = 1; lastKnownFileType = text.xcconfig; name = Pods.debug.xcconfig; path = "Pods/Target Support Files/Pods/Pods.debug.xcconfig"; sourceTree = "<group>"; };
		B81583EC1AD318CB00CCA892 /* NSDictionary+UrlEncoding.h */ = {isa = PBXFileReference; fileEncoding = 4; lastKnownFileType = sourcecode.c.h; path = "NSDictionary+UrlEncoding.h"; sourceTree = "<group>"; };
		B81583ED1AD318CB00CCA892 /* NSDictionary+UrlEncoding.m */ = {isa = PBXFileReference; fileEncoding = 4; lastKnownFileType = sourcecode.c.objc; path = "NSDictionary+UrlEncoding.m"; sourceTree = "<group>"; };
		B8B06D081AE581E900A4B04A /* samplesUserLoginViewController.h */ = {isa = PBXFileReference; fileEncoding = 4; lastKnownFileType = sourcecode.c.h; path = samplesUserLoginViewController.h; sourceTree = "<group>"; };
		B8B06D091AE581E900A4B04A /* samplesUserLoginViewController.m */ = {isa = PBXFileReference; fileEncoding = 4; lastKnownFileType = sourcecode.c.objc; path = samplesUserLoginViewController.m; sourceTree = "<group>"; };
		B8D009CB1ACDBD3A00C842CC /* InfoPlist.strings */ = {isa = PBXFileReference; fileEncoding = 4; lastKnownFileType = text.plist.strings; path = InfoPlist.strings; sourceTree = "<group>"; };
		B8D009D11ACDC37500C842CC /* samplesPolicyData.m */ = {isa = PBXFileReference; fileEncoding = 4; lastKnownFileType = sourcecode.c.objc; path = samplesPolicyData.m; sourceTree = "<group>"; };
		B8D009D31ACDC39300C842CC /* samplesPolicyData.h */ = {isa = PBXFileReference; fileEncoding = 4; lastKnownFileType = sourcecode.c.h; path = samplesPolicyData.h; sourceTree = "<group>"; };
		B8D009D41ACDD8A400C842CC /* samplesPolicyTableViewController.h */ = {isa = PBXFileReference; fileEncoding = 4; lastKnownFileType = sourcecode.c.h; path = samplesPolicyTableViewController.h; sourceTree = "<group>"; };
		B8D009D51ACDD8A400C842CC /* samplesPolicyTableViewController.m */ = {isa = PBXFileReference; fileEncoding = 4; lastKnownFileType = sourcecode.c.objc; path = samplesPolicyTableViewController.m; sourceTree = "<group>"; };
		B8D009D71ACDDF3B00C842CC /* samplesAddPolicyViewController.h */ = {isa = PBXFileReference; fileEncoding = 4; lastKnownFileType = sourcecode.c.h; path = samplesAddPolicyViewController.h; sourceTree = "<group>"; };
		B8D009D81ACDDF3B00C842CC /* samplesAddPolicyViewController.m */ = {isa = PBXFileReference; fileEncoding = 4; lastKnownFileType = sourcecode.c.objc; path = samplesAddPolicyViewController.m; sourceTree = "<group>"; };
		B8D009DB1ACDF0B300C842CC /* Policy.xcdatamodel */ = {isa = PBXFileReference; lastKnownFileType = wrapper.xcdatamodel; path = Policy.xcdatamodel; sourceTree = "<group>"; };
		B8D00A151ACDFBA700C842CC /* Policy 2.xcdatamodel */ = {isa = PBXFileReference; lastKnownFileType = wrapper.xcdatamodel; path = "Policy 2.xcdatamodel"; sourceTree = "<group>"; };
		B8D00A161ACE085700C842CC /* samplesUsePolicyTableViewController.h */ = {isa = PBXFileReference; fileEncoding = 4; lastKnownFileType = sourcecode.c.h; path = samplesUsePolicyTableViewController.h; sourceTree = "<group>"; };
		B8D00A171ACE085700C842CC /* samplesUsePolicyTableViewController.m */ = {isa = PBXFileReference; fileEncoding = 4; lastKnownFileType = sourcecode.c.objc; path = samplesUsePolicyTableViewController.m; sourceTree = "<group>"; };
		B8D00A1D1ACE4DF800C842CC /* samplesUseViewController.h */ = {isa = PBXFileReference; fileEncoding = 4; lastKnownFileType = sourcecode.c.h; path = samplesUseViewController.h; sourceTree = "<group>"; };
		B8D00A1E1ACE4DF800C842CC /* samplesUseViewController.m */ = {isa = PBXFileReference; fileEncoding = 4; lastKnownFileType = sourcecode.c.objc; path = samplesUseViewController.m; sourceTree = "<group>"; };
		BE1BE405644A406563C93532 /* Pods.release.xcconfig */ = {isa = PBXFileReference; includeInIndex = 1; lastKnownFileType = text.xcconfig; name = Pods.release.xcconfig; path = "Pods/Target Support Files/Pods/Pods.release.xcconfig"; sourceTree = "<group>"; };
		D5616B11969DEE10A7F6EDF9 /* Pods-Microsoft Tasks for Consumers.release.xcconfig */ = {isa = PBXFileReference; includeInIndex = 1; lastKnownFileType = text.xcconfig; name = "Pods-Microsoft Tasks for Consumers.release.xcconfig"; path = "Pods/Target Support Files/Pods-Microsoft Tasks for Consumers/Pods-Microsoft Tasks for Consumers.release.xcconfig"; sourceTree = "<group>"; };
		F38096135D57D9DDDF18D89C /* libPods.a */ = {isa = PBXFileReference; explicitFileType = archive.ar; includeInIndex = 0; path = libPods.a; sourceTree = BUILT_PRODUCTS_DIR; };
		FB33714818CA5B7E00234804 /* settings.plist */ = {isa = PBXFileReference; fileEncoding = 4; lastKnownFileType = text.plist.xml; path = settings.plist; sourceTree = "<group>"; };
		FB3BF21E18D0106C007E645E /* samplesWebAPIConnector.h */ = {isa = PBXFileReference; fileEncoding = 4; lastKnownFileType = sourcecode.c.h; path = samplesWebAPIConnector.h; sourceTree = "<group>"; };
		FB3BF21F18D0106C007E645E /* samplesWebAPIConnector.m */ = {isa = PBXFileReference; fileEncoding = 4; lastKnownFileType = sourcecode.c.objc; path = samplesWebAPIConnector.m; sourceTree = "<group>"; };
		FB3BF23218D03A88007E645E /* Main_iPhone.storyboard */ = {isa = PBXFileReference; fileEncoding = 4; lastKnownFileType = file.storyboard; path = Main_iPhone.storyboard; sourceTree = "<group>"; };
		FB3F00D618C7016200173598 /* Microsoft Tasks for Consumers.app */ = {isa = PBXFileReference; explicitFileType = wrapper.application; includeInIndex = 0; path = "Microsoft Tasks for Consumers.app"; sourceTree = BUILT_PRODUCTS_DIR; };
		FB3F00D918C7016200173598 /* Foundation.framework */ = {isa = PBXFileReference; lastKnownFileType = wrapper.framework; name = Foundation.framework; path = System/Library/Frameworks/Foundation.framework; sourceTree = SDKROOT; };
		FB3F00DB18C7016200173598 /* CoreGraphics.framework */ = {isa = PBXFileReference; lastKnownFileType = wrapper.framework; name = CoreGraphics.framework; path = System/Library/Frameworks/CoreGraphics.framework; sourceTree = SDKROOT; };
		FB3F00DD18C7016200173598 /* UIKit.framework */ = {isa = PBXFileReference; lastKnownFileType = wrapper.framework; name = UIKit.framework; path = System/Library/Frameworks/UIKit.framework; sourceTree = SDKROOT; };
		FB3F00DF18C7016200173598 /* CoreData.framework */ = {isa = PBXFileReference; lastKnownFileType = wrapper.framework; name = CoreData.framework; path = System/Library/Frameworks/CoreData.framework; sourceTree = SDKROOT; };
		FB3F00E318C7016200173598 /* Microsoft Tasks-Info.plist */ = {isa = PBXFileReference; lastKnownFileType = text.plist.xml; path = "Microsoft Tasks-Info.plist"; sourceTree = "<group>"; };
		FB3F00E718C7016200173598 /* main.m */ = {isa = PBXFileReference; lastKnownFileType = sourcecode.c.objc; path = main.m; sourceTree = "<group>"; };
		FB3F00E918C7016200173598 /* Microsoft Tasks-Prefix.pch */ = {isa = PBXFileReference; lastKnownFileType = sourcecode.c.h; path = "Microsoft Tasks-Prefix.pch"; sourceTree = "<group>"; };
		FB3F00EA18C7016200173598 /* samplesAppDelegate.h */ = {isa = PBXFileReference; lastKnownFileType = sourcecode.c.h; path = samplesAppDelegate.h; sourceTree = "<group>"; };
		FB3F00EB18C7016200173598 /* samplesAppDelegate.m */ = {isa = PBXFileReference; lastKnownFileType = sourcecode.c.objc; path = samplesAppDelegate.m; sourceTree = "<group>"; };
		FB3F00EE18C7016200173598 /* Microsoft_Tasks.xcdatamodel */ = {isa = PBXFileReference; lastKnownFileType = wrapper.xcdatamodel; path = Microsoft_Tasks.xcdatamodel; sourceTree = "<group>"; };
		FB3F00F018C7016200173598 /* Images.xcassets */ = {isa = PBXFileReference; lastKnownFileType = folder.assetcatalog; path = Images.xcassets; sourceTree = "<group>"; };
		FB3F00F718C7016200173598 /* XCTest.framework */ = {isa = PBXFileReference; lastKnownFileType = wrapper.framework; name = XCTest.framework; path = Library/Frameworks/XCTest.framework; sourceTree = DEVELOPER_DIR; };
		FB3F011418C7092700173598 /* sampleAddTaskItemViewController.h */ = {isa = PBXFileReference; fileEncoding = 4; lastKnownFileType = sourcecode.c.h; path = sampleAddTaskItemViewController.h; sourceTree = "<group>"; };
		FB3F011518C7092700173598 /* sampleAddTaskItemViewController.m */ = {isa = PBXFileReference; fileEncoding = 4; lastKnownFileType = sourcecode.c.objc; path = sampleAddTaskItemViewController.m; sourceTree = "<group>"; };
		FB3F011A18C709FE00173598 /* samplesTaskListTableViewController.h */ = {isa = PBXFileReference; fileEncoding = 4; lastKnownFileType = sourcecode.c.h; path = samplesTaskListTableViewController.h; sourceTree = "<group>"; };
		FB3F011B18C709FE00173598 /* samplesTaskListTableViewController.m */ = {isa = PBXFileReference; fileEncoding = 4; lastKnownFileType = sourcecode.c.objc; path = samplesTaskListTableViewController.m; sourceTree = "<group>"; };
		FB3F011D18C713E600173598 /* samplesTaskItem.h */ = {isa = PBXFileReference; fileEncoding = 4; lastKnownFileType = sourcecode.c.h; path = samplesTaskItem.h; sourceTree = "<group>"; };
		FB3F011E18C713E600173598 /* samplesTaskItem.m */ = {isa = PBXFileReference; fileEncoding = 4; lastKnownFileType = sourcecode.c.objc; path = samplesTaskItem.m; sourceTree = "<group>"; };
		FB4C7C181BA08A66003B93C5 /* ADAL_iPhone_Storyboard.storyboard */ = {isa = PBXFileReference; fileEncoding = 4; lastKnownFileType = file.storyboard; path = ADAL_iPhone_Storyboard.storyboard; sourceTree = "<group>"; };
		FB4C7C191BA08A66003B93C5 /* ADAL_iPad_Storyboard.storyboard */ = {isa = PBXFileReference; fileEncoding = 4; lastKnownFileType = file.storyboard; path = ADAL_iPad_Storyboard.storyboard; sourceTree = "<group>"; };
		FB538F2B1BA36653003ABD9A /* TPKeyboardAvoidingScrollView.h */ = {isa = PBXFileReference; fileEncoding = 4; lastKnownFileType = sourcecode.c.h; path = TPKeyboardAvoidingScrollView.h; sourceTree = "<group>"; };
		FB538F2C1BA36653003ABD9A /* TPKeyboardAvoidingScrollView.m */ = {isa = PBXFileReference; fileEncoding = 4; lastKnownFileType = sourcecode.c.objc; path = TPKeyboardAvoidingScrollView.m; sourceTree = "<group>"; };
		FB538F2E1BA36875003ABD9A /* UIScrollView+TPKeyboardAvoidingAdditions.h */ = {isa = PBXFileReference; fileEncoding = 4; lastKnownFileType = sourcecode.c.h; path = "UIScrollView+TPKeyboardAvoidingAdditions.h"; sourceTree = "<group>"; };
		FB538F2F1BA36875003ABD9A /* UIScrollView+TPKeyboardAvoidingAdditions.m */ = {isa = PBXFileReference; fileEncoding = 4; lastKnownFileType = sourcecode.c.objc; path = "UIScrollView+TPKeyboardAvoidingAdditions.m"; sourceTree = "<group>"; };
		FB538F351BA38E63003ABD9A /* 10637393134_3be20f8467_k.jpg */ = {isa = PBXFileReference; lastKnownFileType = image.jpeg; path = 10637393134_3be20f8467_k.jpg; sourceTree = "<group>"; };
		FB538F371BA39881003ABD9A /* signin-email.png */ = {isa = PBXFileReference; lastKnownFileType = image.png; path = "signin-email.png"; sourceTree = "<group>"; };
		FB538F391BA39887003ABD9A /* signin-fb.png */ = {isa = PBXFileReference; lastKnownFileType = image.png; path = "signin-fb.png"; sourceTree = "<group>"; };
		FB6ABBF81B9E807500AF7868 /* libADALiOS.a */ = {isa = PBXFileReference; lastKnownFileType = archive.ar; name = libADALiOS.a; path = "../../SDKs/azure-activedirectory-library-for-objc/ADALiOS/build/Debug-iphoneos/libADALiOS.a"; sourceTree = "<group>"; };
		FB7362EB1BA758820048374F /* samplesApplicationData.h */ = {isa = PBXFileReference; fileEncoding = 4; lastKnownFileType = sourcecode.c.h; path = samplesApplicationData.h; sourceTree = "<group>"; };
/* End PBXFileReference section */

/* Begin PBXFrameworksBuildPhase section */
		FB3F00D318C7016200173598 /* Frameworks */ = {
			isa = PBXFrameworksBuildPhase;
			buildActionMask = 2147483647;
			files = (
				FB6ABBF91B9E807500AF7868 /* libADALiOS.a in Frameworks */,
				FB3F00DC18C7016200173598 /* CoreGraphics.framework in Frameworks */,
				FB3F00E018C7016200173598 /* CoreData.framework in Frameworks */,
				FB3F00DE18C7016200173598 /* UIKit.framework in Frameworks */,
				FB3F00DA18C7016200173598 /* Foundation.framework in Frameworks */,
				BF785E105B1905E7FAC3885D /* libPods-Microsoft Tasks for Consumers.a in Frameworks */,
			);
			runOnlyForDeploymentPostprocessing = 0;
		};
/* End PBXFrameworksBuildPhase section */

/* Begin PBXGroup section */
		6CD3672F3D33AC186309EB84 /* Pods */ = {
			isa = PBXGroup;
			children = (
				B2A5BFA2C1AAB67EB1A5358D /* Pods.debug.xcconfig */,
				BE1BE405644A406563C93532 /* Pods.release.xcconfig */,
				7F90FABDF6DF9A6948193801 /* Pods-Microsoft Tasks for Consumers.debug.xcconfig */,
				D5616B11969DEE10A7F6EDF9 /* Pods-Microsoft Tasks for Consumers.release.xcconfig */,
			);
			name = Pods;
			sourceTree = "<group>";
		};
		FB3F00CD18C7016200173598 = {
			isa = PBXGroup;
			children = (
				FB3F00E118C7016200173598 /* Microsoft Tasks */,
				FB3F00D818C7016200173598 /* Frameworks */,
				FB3F00D718C7016200173598 /* Products */,
				6CD3672F3D33AC186309EB84 /* Pods */,
			);
			sourceTree = "<group>";
		};
		FB3F00D718C7016200173598 /* Products */ = {
			isa = PBXGroup;
			children = (
				FB3F00D618C7016200173598 /* Microsoft Tasks for Consumers.app */,
			);
			name = Products;
			sourceTree = "<group>";
		};
		FB3F00D818C7016200173598 /* Frameworks */ = {
			isa = PBXGroup;
			children = (
				FB6ABBF81B9E807500AF7868 /* libADALiOS.a */,
				FB3F00D918C7016200173598 /* Foundation.framework */,
				FB3F00DB18C7016200173598 /* CoreGraphics.framework */,
				FB3F00DD18C7016200173598 /* UIKit.framework */,
				FB3F00DF18C7016200173598 /* CoreData.framework */,
				FB3F00F718C7016200173598 /* XCTest.framework */,
				F38096135D57D9DDDF18D89C /* libPods.a */,
				18A6D428BBB5952BCCDF420E /* libPods-Microsoft Tasks for Consumers.a */,
			);
			name = Frameworks;
			sourceTree = "<group>";
		};
		FB3F00E118C7016200173598 /* Microsoft Tasks */ = {
			isa = PBXGroup;
			children = (
				FB5123F51BA89B28009BF406 /* UI Code - do not touch */,
				971963C41A6845950026BC5F /* Microsoft Tasks.entitlements */,
				FB3F00EA18C7016200173598 /* samplesAppDelegate.h */,
				FB3F00EB18C7016200173598 /* samplesAppDelegate.m */,
				FB3F00F018C7016200173598 /* Images.xcassets */,
				FB3F00E218C7016200173598 /* Supporting Files */,
				FB3F011D18C713E600173598 /* samplesTaskItem.h */,
				FB3F011E18C713E600173598 /* samplesTaskItem.m */,
				FB3BF21E18D0106C007E645E /* samplesWebAPIConnector.h */,
				FB3BF21F18D0106C007E645E /* samplesWebAPIConnector.m */,
				FB7362EB1BA758820048374F /* samplesApplicationData.h */,
				97C15AF61A280BEF004A0419 /* SamplesApplicationData.m */,
				B8D009D11ACDC37500C842CC /* samplesPolicyData.m */,
				B8D009D31ACDC39300C842CC /* samplesPolicyData.h */,
				B8D009DA1ACDF0B300C842CC /* Policy.xcdatamodeld */,
			);
			path = "Microsoft Tasks";
			sourceTree = "<group>";
		};
		FB3F00E218C7016200173598 /* Supporting Files */ = {
			isa = PBXGroup;
			children = (
				FB3F00E318C7016200173598 /* Microsoft Tasks-Info.plist */,
				FB3F00E718C7016200173598 /* main.m */,
				FB3F00E918C7016200173598 /* Microsoft Tasks-Prefix.pch */,
				FB33714818CA5B7E00234804 /* settings.plist */,
			);
			name = "Supporting Files";
			sourceTree = "<group>";
		};
		FB5123F51BA89B28009BF406 /* UI Code - do not touch */ = {
			isa = PBXGroup;
			children = (
				B8D009CB1ACDBD3A00C842CC /* InfoPlist.strings */,
				B81583EC1AD318CB00CCA892 /* NSDictionary+UrlEncoding.h */,
				FB538F371BA39881003ABD9A /* signin-email.png */,
				FB538F391BA39887003ABD9A /* signin-fb.png */,
				FB538F351BA38E63003ABD9A /* 10637393134_3be20f8467_k.jpg */,
				FB538F2E1BA36875003ABD9A /* UIScrollView+TPKeyboardAvoidingAdditions.h */,
				FB538F2F1BA36875003ABD9A /* UIScrollView+TPKeyboardAvoidingAdditions.m */,
				FB538F2B1BA36653003ABD9A /* TPKeyboardAvoidingScrollView.h */,
				FB538F2C1BA36653003ABD9A /* TPKeyboardAvoidingScrollView.m */,
				FB4C7C181BA08A66003B93C5 /* ADAL_iPhone_Storyboard.storyboard */,
				FB4C7C191BA08A66003B93C5 /* ADAL_iPad_Storyboard.storyboard */,
				FB3F011418C7092700173598 /* sampleAddTaskItemViewController.h */,
				FB3F011518C7092700173598 /* sampleAddTaskItemViewController.m */,
				FB3F011A18C709FE00173598 /* samplesTaskListTableViewController.h */,
				FB3F011B18C709FE00173598 /* samplesTaskListTableViewController.m */,
				97C15AF01A27FAD6004A0419 /* SamplesSelectUserViewController.h */,
				97C15AF31A27FDF0004A0419 /* SamplesSelectUserViewController.m */,
				97C15AF81A29C9E3004A0419 /* SamplesAppSettingsController.h */,
				97C15AF91A29C9F3004A0419 /* SamplesAppSettingsController.m */,
				B8D009D41ACDD8A400C842CC /* samplesPolicyTableViewController.h */,
				B8D009D51ACDD8A400C842CC /* samplesPolicyTableViewController.m */,
				B8D009D71ACDDF3B00C842CC /* samplesAddPolicyViewController.h */,
				B8D009D81ACDDF3B00C842CC /* samplesAddPolicyViewController.m */,
				B8D00A161ACE085700C842CC /* samplesUsePolicyTableViewController.h */,
				B8D00A171ACE085700C842CC /* samplesUsePolicyTableViewController.m */,
				B8D00A1D1ACE4DF800C842CC /* samplesUseViewController.h */,
				B8D00A1E1ACE4DF800C842CC /* samplesUseViewController.m */,
				B8B06D081AE581E900A4B04A /* samplesUserLoginViewController.h */,
				B8B06D091AE581E900A4B04A /* samplesUserLoginViewController.m */,
				B81583ED1AD318CB00CCA892 /* NSDictionary+UrlEncoding.m */,
				FB3F00ED18C7016200173598 /* Microsoft_Tasks.xcdatamodeld */,
				FB3BF23218D03A88007E645E /* Main_iPhone.storyboard */,
			);
			name = "UI Code - do not touch";
			sourceTree = "<group>";
		};
/* End PBXGroup section */

/* Begin PBXNativeTarget section */
		FB3F00D518C7016200173598 /* Microsoft Tasks for Consumers */ = {
			isa = PBXNativeTarget;
			buildConfigurationList = FB3F010818C7016200173598 /* Build configuration list for PBXNativeTarget "Microsoft Tasks for Consumers" */;
			buildPhases = (
				82DDE857AAEB726A91F72F51 /* 📦 Check Pods Manifest.lock */,
				FB3F00D218C7016200173598 /* Sources */,
				FB3F00D318C7016200173598 /* Frameworks */,
				FB3F00D418C7016200173598 /* Resources */,
				ED533F1F38E6393755CBBBA7 /* 📦 Copy Pods Resources */,
				EA118ED9EEF6B7BC5BED7E03 /* 📦 Embed Pods Frameworks */,
			);
			buildRules = (
			);
			dependencies = (
			);
			name = "Microsoft Tasks for Consumers";
			productName = "Microsoft Tasks";
			productReference = FB3F00D618C7016200173598 /* Microsoft Tasks for Consumers.app */;
			productType = "com.apple.product-type.application";
		};
/* End PBXNativeTarget section */

/* Begin PBXProject section */
		FB3F00CE18C7016200173598 /* Project object */ = {
			isa = PBXProject;
			attributes = {
				CLASSPREFIX = samples;
				LastUpgradeCheck = 0800;
				ORGANIZATIONNAME = Microsoft;
				TargetAttributes = {
					FB3F00D518C7016200173598 = {
						DevelopmentTeam = QPA5Y64RGS;
						SystemCapabilities = {
							com.apple.Keychain = {
								enabled = 1;
							};
							com.apple.Push = {
								enabled = 0;
							};
						};
					};
				};
			};
			buildConfigurationList = FB3F00D118C7016200173598 /* Build configuration list for PBXProject "Microsoft Tasks for Consumers" */;
			compatibilityVersion = "Xcode 6.3";
			developmentRegion = English;
			hasScannedForEncodings = 0;
			knownRegions = (
				en,
			);
			mainGroup = FB3F00CD18C7016200173598;
			productRefGroup = FB3F00D718C7016200173598 /* Products */;
			projectDirPath = "";
			projectRoot = "";
			targets = (
				FB3F00D518C7016200173598 /* Microsoft Tasks for Consumers */,
			);
		};
/* End PBXProject section */

/* Begin PBXResourcesBuildPhase section */
		FB3F00D418C7016200173598 /* Resources */ = {
			isa = PBXResourcesBuildPhase;
			buildActionMask = 2147483647;
			files = (
				B8D009CC1ACDBD3A00C842CC /* InfoPlist.strings in Resources */,
				FB538F361BA38E63003ABD9A /* 10637393134_3be20f8467_k.jpg in Resources */,
				FB3BF23518D03A88007E645E /* Main_iPhone.storyboard in Resources */,
				FB3F00F118C7016200173598 /* Images.xcassets in Resources */,
				FB538F3A1BA39887003ABD9A /* signin-fb.png in Resources */,
				FB4C7C1A1BA08A66003B93C5 /* ADAL_iPhone_Storyboard.storyboard in Resources */,
				FB4C7C1B1BA08A66003B93C5 /* ADAL_iPad_Storyboard.storyboard in Resources */,
				FB33714918CA5B7E00234804 /* settings.plist in Resources */,
				FB538F381BA39882003ABD9A /* signin-email.png in Resources */,
			);
			runOnlyForDeploymentPostprocessing = 0;
		};
/* End PBXResourcesBuildPhase section */

/* Begin PBXShellScriptBuildPhase section */
		82DDE857AAEB726A91F72F51 /* 📦 Check Pods Manifest.lock */ = {
			isa = PBXShellScriptBuildPhase;
			buildActionMask = 2147483647;
			files = (
			);
			inputPaths = (
			);
			name = "📦 Check Pods Manifest.lock";
			outputPaths = (
			);
			runOnlyForDeploymentPostprocessing = 0;
			shellPath = /bin/sh;
			shellScript = "diff \"${PODS_ROOT}/../Podfile.lock\" \"${PODS_ROOT}/Manifest.lock\" > /dev/null\nif [[ $? != 0 ]] ; then\n    cat << EOM\nerror: The sandbox is not in sync with the Podfile.lock. Run 'pod install' or update your CocoaPods installation.\nEOM\n    exit 1\nfi\n";
			showEnvVarsInLog = 0;
		};
		EA118ED9EEF6B7BC5BED7E03 /* 📦 Embed Pods Frameworks */ = {
			isa = PBXShellScriptBuildPhase;
			buildActionMask = 2147483647;
			files = (
			);
			inputPaths = (
			);
			name = "📦 Embed Pods Frameworks";
			outputPaths = (
			);
			runOnlyForDeploymentPostprocessing = 0;
			shellPath = /bin/sh;
			shellScript = "\"${SRCROOT}/Pods/Target Support Files/Pods-Microsoft Tasks for Consumers/Pods-Microsoft Tasks for Consumers-frameworks.sh\"\n";
			showEnvVarsInLog = 0;
		};
		ED533F1F38E6393755CBBBA7 /* 📦 Copy Pods Resources */ = {
			isa = PBXShellScriptBuildPhase;
			buildActionMask = 2147483647;
			files = (
			);
			inputPaths = (
			);
			name = "📦 Copy Pods Resources";
			outputPaths = (
			);
			runOnlyForDeploymentPostprocessing = 0;
			shellPath = /bin/sh;
			shellScript = "\"${SRCROOT}/Pods/Target Support Files/Pods-Microsoft Tasks for Consumers/Pods-Microsoft Tasks for Consumers-resources.sh\"\n";
		};
/* End PBXShellScriptBuildPhase section */

/* Begin PBXSourcesBuildPhase section */
		FB3F00D218C7016200173598 /* Sources */ = {
			isa = PBXSourcesBuildPhase;
			buildActionMask = 2147483647;
			files = (
				B8D00A181ACE085700C842CC /* samplesUsePolicyTableViewController.m in Sources */,
				B81583EE1AD318CB00CCA892 /* NSDictionary+UrlEncoding.m in Sources */,
				97C15AFA1A29C9F3004A0419 /* SamplesAppSettingsController.m in Sources */,
				FB3F011618C7092700173598 /* sampleAddTaskItemViewController.m in Sources */,
				FB3F011F18C713E600173598 /* samplesTaskItem.m in Sources */,
				FB3F00EF18C7016200173598 /* Microsoft_Tasks.xcdatamodeld in Sources */,
				FB3F011C18C709FE00173598 /* samplesTaskListTableViewController.m in Sources */,
				B8D00A1F1ACE4DF800C842CC /* samplesUseViewController.m in Sources */,
				B8D009DC1ACDF0B300C842CC /* Policy.xcdatamodeld in Sources */,
				FB538F301BA36875003ABD9A /* UIScrollView+TPKeyboardAvoidingAdditions.m in Sources */,
				FB3F00EC18C7016200173598 /* samplesAppDelegate.m in Sources */,
				B8B06D0A1AE581E900A4B04A /* samplesUserLoginViewController.m in Sources */,
				B8D009D21ACDC37500C842CC /* samplesPolicyData.m in Sources */,
				B8D009D61ACDD8A400C842CC /* samplesPolicyTableViewController.m in Sources */,
				97C15AF71A280BEF004A0419 /* SamplesApplicationData.m in Sources */,
				FB3BF22018D0106C007E645E /* samplesWebAPIConnector.m in Sources */,
				FB538F2D1BA36653003ABD9A /* TPKeyboardAvoidingScrollView.m in Sources */,
				97C15AF41A27FDF0004A0419 /* SamplesSelectUserViewController.m in Sources */,
				FB3F00E818C7016200173598 /* main.m in Sources */,
				B8D009D91ACDDF3B00C842CC /* samplesAddPolicyViewController.m in Sources */,
			);
			runOnlyForDeploymentPostprocessing = 0;
		};
/* End PBXSourcesBuildPhase section */

/* Begin XCBuildConfiguration section */
		FB3F010618C7016200173598 /* Debug */ = {
			isa = XCBuildConfiguration;
			buildSettings = {
				ALWAYS_SEARCH_USER_PATHS = NO;
				CLANG_CXX_LANGUAGE_STANDARD = "gnu++0x";
				CLANG_CXX_LIBRARY = "libc++";
				CLANG_ENABLE_MODULES = YES;
				CLANG_ENABLE_OBJC_ARC = YES;
				CLANG_WARN_BOOL_CONVERSION = YES;
				CLANG_WARN_CONSTANT_CONVERSION = YES;
				CLANG_WARN_DIRECT_OBJC_ISA_USAGE = YES_ERROR;
				CLANG_WARN_EMPTY_BODY = YES;
				CLANG_WARN_ENUM_CONVERSION = YES;
				CLANG_WARN_INT_CONVERSION = YES;
				CLANG_WARN_OBJC_ROOT_CLASS = YES_ERROR;
				CLANG_WARN_UNREACHABLE_CODE = YES;
				CLANG_WARN__DUPLICATE_METHOD_MATCH = YES;
				"CODE_SIGN_IDENTITY[sdk=iphoneos*]" = "iPhone Developer";
				COPY_PHASE_STRIP = NO;
				ENABLE_STRICT_OBJC_MSGSEND = YES;
				ENABLE_TESTABILITY = YES;
				GCC_C_LANGUAGE_STANDARD = gnu99;
				GCC_DYNAMIC_NO_PIC = NO;
				GCC_NO_COMMON_BLOCKS = YES;
				GCC_OPTIMIZATION_LEVEL = 0;
				GCC_PREPROCESSOR_DEFINITIONS = (
					"DEBUG=1",
					"$(inherited)",
				);
				GCC_SYMBOLS_PRIVATE_EXTERN = NO;
				GCC_WARN_64_TO_32_BIT_CONVERSION = YES;
				GCC_WARN_ABOUT_RETURN_TYPE = YES_ERROR;
				GCC_WARN_UNDECLARED_SELECTOR = YES;
				GCC_WARN_UNINITIALIZED_AUTOS = YES_AGGRESSIVE;
				GCC_WARN_UNUSED_FUNCTION = YES;
				GCC_WARN_UNUSED_VARIABLE = YES;
				IPHONEOS_DEPLOYMENT_TARGET = 9.3;
				ONLY_ACTIVE_ARCH = YES;
				SDKROOT = iphoneos;
			};
			name = Debug;
		};
		FB3F010718C7016200173598 /* Release */ = {
			isa = XCBuildConfiguration;
			buildSettings = {
				ALWAYS_SEARCH_USER_PATHS = NO;
				CLANG_CXX_LANGUAGE_STANDARD = "gnu++0x";
				CLANG_CXX_LIBRARY = "libc++";
				CLANG_ENABLE_MODULES = YES;
				CLANG_ENABLE_OBJC_ARC = YES;
				CLANG_WARN_BOOL_CONVERSION = YES;
				CLANG_WARN_CONSTANT_CONVERSION = YES;
				CLANG_WARN_DIRECT_OBJC_ISA_USAGE = YES_ERROR;
				CLANG_WARN_EMPTY_BODY = YES;
				CLANG_WARN_ENUM_CONVERSION = YES;
				CLANG_WARN_INT_CONVERSION = YES;
				CLANG_WARN_OBJC_ROOT_CLASS = YES_ERROR;
				CLANG_WARN_UNREACHABLE_CODE = YES;
				CLANG_WARN__DUPLICATE_METHOD_MATCH = YES;
				"CODE_SIGN_IDENTITY[sdk=iphoneos*]" = "iPhone Developer";
				COPY_PHASE_STRIP = YES;
				ENABLE_NS_ASSERTIONS = NO;
				ENABLE_STRICT_OBJC_MSGSEND = YES;
				GCC_C_LANGUAGE_STANDARD = gnu99;
				GCC_NO_COMMON_BLOCKS = YES;
				GCC_WARN_64_TO_32_BIT_CONVERSION = YES;
				GCC_WARN_ABOUT_RETURN_TYPE = YES_ERROR;
				GCC_WARN_UNDECLARED_SELECTOR = YES;
				GCC_WARN_UNINITIALIZED_AUTOS = YES_AGGRESSIVE;
				GCC_WARN_UNUSED_FUNCTION = YES;
				GCC_WARN_UNUSED_VARIABLE = YES;
				IPHONEOS_DEPLOYMENT_TARGET = 9.3;
				SDKROOT = iphoneos;
				VALIDATE_PRODUCT = YES;
			};
			name = Release;
		};
		FB3F010918C7016200173598 /* Debug */ = {
			isa = XCBuildConfiguration;
			baseConfigurationReference = 7F90FABDF6DF9A6948193801 /* Pods-Microsoft Tasks for Consumers.debug.xcconfig */;
			buildSettings = {
				ASSETCATALOG_COMPILER_APPICON_NAME = AppIcon;
				ASSETCATALOG_COMPILER_LAUNCHIMAGE_NAME = LaunchImage;
				CODE_SIGN_ENTITLEMENTS = "Microsoft Tasks/Microsoft Tasks.entitlements";
				CODE_SIGN_IDENTITY = "iPhone Developer";
				"CODE_SIGN_IDENTITY[sdk=iphoneos*]" = "iPhone Developer";
				FRAMEWORK_SEARCH_PATHS = (
					"$(inherited)",
					"$(PROJECT_DIR)",
				);
				GCC_PRECOMPILE_PREFIX_HEADER = YES;
				GCC_PREFIX_HEADER = "Microsoft Tasks/Microsoft Tasks-Prefix.pch";
				INFOPLIST_FILE = "Microsoft Tasks/Microsoft Tasks-Info.plist";
				IPHONEOS_DEPLOYMENT_TARGET = 9.3;
				LIBRARY_SEARCH_PATHS = "$(inherited)";
				OTHER_LDFLAGS = (
					"$(inherited)",
					"-ObjC",
				);
				PRODUCT_BUNDLE_IDENTIFIER = com.microm.microsoft.windowsazure.activedirectory.samples.microsofttasks.b2c;
				PRODUCT_NAME = "$(TARGET_NAME)";
				PROVISIONING_PROFILE = "";
				TARGETED_DEVICE_FAMILY = 1;
				USER_HEADER_SEARCH_PATHS = "$(PROJECT_DIR)/Pods/Headers/**";
				WRAPPER_EXTENSION = app;
			};
			name = Debug;
		};
		FB3F010A18C7016200173598 /* Release */ = {
			isa = XCBuildConfiguration;
			baseConfigurationReference = D5616B11969DEE10A7F6EDF9 /* Pods-Microsoft Tasks for Consumers.release.xcconfig */;
			buildSettings = {
				ASSETCATALOG_COMPILER_APPICON_NAME = AppIcon;
				ASSETCATALOG_COMPILER_LAUNCHIMAGE_NAME = LaunchImage;
				CODE_SIGN_ENTITLEMENTS = "Microsoft Tasks/Microsoft Tasks.entitlements";
				CODE_SIGN_IDENTITY = "iPhone Developer";
				"CODE_SIGN_IDENTITY[sdk=iphoneos*]" = "iPhone Developer";
				FRAMEWORK_SEARCH_PATHS = (
					"$(inherited)",
					"$(PROJECT_DIR)",
				);
				GCC_PRECOMPILE_PREFIX_HEADER = YES;
				GCC_PREFIX_HEADER = "Microsoft Tasks/Microsoft Tasks-Prefix.pch";
				INFOPLIST_FILE = "Microsoft Tasks/Microsoft Tasks-Info.plist";
				IPHONEOS_DEPLOYMENT_TARGET = 9.3;
				LIBRARY_SEARCH_PATHS = "$(inherited)";
				OTHER_LDFLAGS = (
					"$(inherited)",
					"-ObjC",
				);
				PRODUCT_BUNDLE_IDENTIFIER = com.microm.microsoft.windowsazure.activedirectory.samples.microsofttasks.b2c;
				PRODUCT_NAME = "$(TARGET_NAME)";
				PROVISIONING_PROFILE = "";
				TARGETED_DEVICE_FAMILY = 1;
				USER_HEADER_SEARCH_PATHS = "$(PROJECT_DIR)/Pods/Headers/**";
				WRAPPER_EXTENSION = app;
			};
			name = Release;
		};
/* End XCBuildConfiguration section */

/* Begin XCConfigurationList section */
		FB3F00D118C7016200173598 /* Build configuration list for PBXProject "Microsoft Tasks for Consumers" */ = {
			isa = XCConfigurationList;
			buildConfigurations = (
				FB3F010618C7016200173598 /* Debug */,
				FB3F010718C7016200173598 /* Release */,
			);
			defaultConfigurationIsVisible = 0;
			defaultConfigurationName = Debug;
		};
		FB3F010818C7016200173598 /* Build configuration list for PBXNativeTarget "Microsoft Tasks for Consumers" */ = {
			isa = XCConfigurationList;
			buildConfigurations = (
				FB3F010918C7016200173598 /* Debug */,
				FB3F010A18C7016200173598 /* Release */,
			);
			defaultConfigurationIsVisible = 0;
			defaultConfigurationName = Debug;
		};
/* End XCConfigurationList section */

/* Begin XCVersionGroup section */
		B8D009DA1ACDF0B300C842CC /* Policy.xcdatamodeld */ = {
			isa = XCVersionGroup;
			children = (
				B8D00A151ACDFBA700C842CC /* Policy 2.xcdatamodel */,
				B8D009DB1ACDF0B300C842CC /* Policy.xcdatamodel */,
			);
			currentVersion = B8D009DB1ACDF0B300C842CC /* Policy.xcdatamodel */;
			path = Policy.xcdatamodeld;
			sourceTree = "<group>";
			versionGroupType = wrapper.xcdatamodel;
		};
		FB3F00ED18C7016200173598 /* Microsoft_Tasks.xcdatamodeld */ = {
			isa = XCVersionGroup;
			children = (
				FB3F00EE18C7016200173598 /* Microsoft_Tasks.xcdatamodel */,
			);
			currentVersion = FB3F00EE18C7016200173598 /* Microsoft_Tasks.xcdatamodel */;
			path = Microsoft_Tasks.xcdatamodeld;
			sourceTree = "<group>";
			versionGroupType = wrapper.xcdatamodel;
		};
/* End XCVersionGroup section */
	};
	rootObject = FB3F00CE18C7016200173598 /* Project object */;
}
